// !$*UTF8*$!
{
	archiveVersion = 1;
	classes = {
	};
	objectVersion = 50;
	objects = {

/* Begin PBXBuildFile section */
		7F4D6C8323FFDC9A00B1B094 /* HKTextField.swift in Sources */ = {isa = PBXBuildFile; fileRef = 7F4D6C8223FFDC9A00B1B094 /* HKTextField.swift */; };
		7F4D6C8523FFDD5600B1B094 /* HKButton.swift in Sources */ = {isa = PBXBuildFile; fileRef = 7F4D6C8423FFDD5600B1B094 /* HKButton.swift */; };
		7F4D6C8723FFDE6100B1B094 /* CalcModel.swift in Sources */ = {isa = PBXBuildFile; fileRef = 7F4D6C8623FFDE6100B1B094 /* CalcModel.swift */; };
		A490E47923FE8312002F9568 /* AppDelegate.swift in Sources */ = {isa = PBXBuildFile; fileRef = A490E47823FE8312002F9568 /* AppDelegate.swift */; };
		A490E47B23FE8312002F9568 /* SceneDelegate.swift in Sources */ = {isa = PBXBuildFile; fileRef = A490E47A23FE8312002F9568 /* SceneDelegate.swift */; };
		A490E47D23FE8312002F9568 /* ViewController.swift in Sources */ = {isa = PBXBuildFile; fileRef = A490E47C23FE8312002F9568 /* ViewController.swift */; };
		A490E48023FE8312002F9568 /* Main.storyboard in Resources */ = {isa = PBXBuildFile; fileRef = A490E47E23FE8312002F9568 /* Main.storyboard */; };
		A490E48223FE831D002F9568 /* Assets.xcassets in Resources */ = {isa = PBXBuildFile; fileRef = A490E48123FE831D002F9568 /* Assets.xcassets */; };
		A490E48523FE831D002F9568 /* LaunchScreen.storyboard in Resources */ = {isa = PBXBuildFile; fileRef = A490E48323FE831D002F9568 /* LaunchScreen.storyboard */; };
/* End PBXBuildFile section */

/* Begin PBXFileReference section */
		7F4D6C8223FFDC9A00B1B094 /* HKTextField.swift */ = {isa = PBXFileReference; lastKnownFileType = sourcecode.swift; path = HKTextField.swift; sourceTree = "<group>"; };
		7F4D6C8423FFDD5600B1B094 /* HKButton.swift */ = {isa = PBXFileReference; lastKnownFileType = sourcecode.swift; path = HKButton.swift; sourceTree = "<group>"; };
		7F4D6C8623FFDE6100B1B094 /* CalcModel.swift */ = {isa = PBXFileReference; lastKnownFileType = sourcecode.swift; path = CalcModel.swift; sourceTree = "<group>"; };
		A490E47523FE8312002F9568 /* PartsProject.app */ = {isa = PBXFileReference; explicitFileType = wrapper.application; includeInIndex = 0; path = PartsProject.app; sourceTree = BUILT_PRODUCTS_DIR; };
		A490E47823FE8312002F9568 /* AppDelegate.swift */ = {isa = PBXFileReference; lastKnownFileType = sourcecode.swift; path = AppDelegate.swift; sourceTree = "<group>"; };
		A490E47A23FE8312002F9568 /* SceneDelegate.swift */ = {isa = PBXFileReference; lastKnownFileType = sourcecode.swift; path = SceneDelegate.swift; sourceTree = "<group>"; };
		A490E47C23FE8312002F9568 /* ViewController.swift */ = {isa = PBXFileReference; lastKnownFileType = sourcecode.swift; path = ViewController.swift; sourceTree = "<group>"; };
		A490E47F23FE8312002F9568 /* Base */ = {isa = PBXFileReference; lastKnownFileType = file.storyboard; name = Base; path = Base.lproj/Main.storyboard; sourceTree = "<group>"; };
		A490E48123FE831D002F9568 /* Assets.xcassets */ = {isa = PBXFileReference; lastKnownFileType = folder.assetcatalog; path = Assets.xcassets; sourceTree = "<group>"; };
		A490E48423FE831D002F9568 /* Base */ = {isa = PBXFileReference; lastKnownFileType = file.storyboard; name = Base; path = Base.lproj/LaunchScreen.storyboard; sourceTree = "<group>"; };
		A490E48623FE831D002F9568 /* Info.plist */ = {isa = PBXFileReference; lastKnownFileType = text.plist.xml; path = Info.plist; sourceTree = "<group>"; };
/* End PBXFileReference section */

/* Begin PBXFrameworksBuildPhase section */
		A490E47223FE8312002F9568 /* Frameworks */ = {
			isa = PBXFrameworksBuildPhase;
			buildActionMask = 2147483647;
			files = (
			);
			runOnlyForDeploymentPostprocessing = 0;
		};
/* End PBXFrameworksBuildPhase section */

/* Begin PBXGroup section */
		A490E46C23FE8312002F9568 = {
			isa = PBXGroup;
			children = (
				A490E47723FE8312002F9568 /* PartsProject */,
				A490E47623FE8312002F9568 /* Products */,
			);
			sourceTree = "<group>";
		};
		A490E47623FE8312002F9568 /* Products */ = {
			isa = PBXGroup;
			children = (
				A490E47523FE8312002F9568 /* PartsProject.app */,
			);
			name = Products;
			sourceTree = "<group>";
		};
		A490E47723FE8312002F9568 /* PartsProject */ = {
			isa = PBXGroup;
			children = (
				A490E47823FE8312002F9568 /* AppDelegate.swift */,
				A490E47A23FE8312002F9568 /* SceneDelegate.swift */,
				A490E47C23FE8312002F9568 /* ViewController.swift */,
				A490E47E23FE8312002F9568 /* Main.storyboard */,
				A490E48123FE831D002F9568 /* Assets.xcassets */,
				A490E48323FE831D002F9568 /* LaunchScreen.storyboard */,
				A490E48623FE831D002F9568 /* Info.plist */,
				7F4D6C8623FFDE6100B1B094 /* CalcModel.swift */,
				7F4D6C8423FFDD5600B1B094 /* HKButton.swift */,
				7F4D6C8223FFDC9A00B1B094 /* HKTextField.swift */,
			);
			path = PartsProject;
			sourceTree = "<group>";
		};
/* End PBXGroup section */

/* Begin PBXNativeTarget section */
		A490E47423FE8312002F9568 /* PartsProject */ = {
			isa = PBXNativeTarget;
			buildConfigurationList = A490E48923FE831D002F9568 /* Build configuration list for PBXNativeTarget "PartsProject" */;
			buildPhases = (
				A490E47123FE8312002F9568 /* Sources */,
				A490E47223FE8312002F9568 /* Frameworks */,
				A490E47323FE8312002F9568 /* Resources */,
			);
			buildRules = (
			);
			dependencies = (
			);
			name = PartsProject;
			productName = PartsProject;
			productReference = A490E47523FE8312002F9568 /* PartsProject.app */;
			productType = "com.apple.product-type.application";
		};
/* End PBXNativeTarget section */

/* Begin PBXProject section */
		A490E46D23FE8312002F9568 /* Project object */ = {
			isa = PBXProject;
			attributes = {
				LastSwiftUpdateCheck = 1130;
				LastUpgradeCheck = 1130;
				ORGANIZATIONNAME = "Fujii Yuta";
				TargetAttributes = {
					A490E47423FE8312002F9568 = {
						CreatedOnToolsVersion = 11.3;
					};
				};
			};
			buildConfigurationList = A490E47023FE8312002F9568 /* Build configuration list for PBXProject "PartsProject" */;
			compatibilityVersion = "Xcode 9.3";
			developmentRegion = en;
			hasScannedForEncodings = 0;
			knownRegions = (
				en,
				Base,
			);
			mainGroup = A490E46C23FE8312002F9568;
			productRefGroup = A490E47623FE8312002F9568 /* Products */;
			projectDirPath = "";
			projectRoot = "";
			targets = (
				A490E47423FE8312002F9568 /* PartsProject */,
			);
		};
/* End PBXProject section */

/* Begin PBXResourcesBuildPhase section */
		A490E47323FE8312002F9568 /* Resources */ = {
			isa = PBXResourcesBuildPhase;
			buildActionMask = 2147483647;
			files = (
				A490E48523FE831D002F9568 /* LaunchScreen.storyboard in Resources */,
				A490E48223FE831D002F9568 /* Assets.xcassets in Resources */,
				A490E48023FE8312002F9568 /* Main.storyboard in Resources */,
			);
			runOnlyForDeploymentPostprocessing = 0;
		};
/* End PBXResourcesBuildPhase section */

/* Begin PBXSourcesBuildPhase section */
		A490E47123FE8312002F9568 /* Sources */ = {
			isa = PBXSourcesBuildPhase;
			buildActionMask = 2147483647;
			files = (
				7F4D6C8723FFDE6100B1B094 /* CalcModel.swift in Sources */,
				7F4D6C8323FFDC9A00B1B094 /* HKTextField.swift in Sources */,
				A490E47D23FE8312002F9568 /* ViewController.swift in Sources */,
				A490E47923FE8312002F9568 /* AppDelegate.swift in Sources */,
				7F4D6C8523FFDD5600B1B094 /* HKButton.swift in Sources */,
				A490E47B23FE8312002F9568 /* SceneDelegate.swift in Sources */,
			);
			runOnlyForDeploymentPostprocessing = 0;
		};
/* End PBXSourcesBuildPhase section */

/* Begin PBXVariantGroup section */
		A490E47E23FE8312002F9568 /* Main.storyboard */ = {
			isa = PBXVariantGroup;
			children = (
				A490E47F23FE8312002F9568 /* Base */,
			);
			name = Main.storyboard;
			sourceTree = "<group>";
		};
		A490E48323FE831D002F9568 /* LaunchScreen.storyboard */ = {
			isa = PBXVariantGroup;
			children = (
				A490E48423FE831D002F9568 /* Base */,
			);
			name = LaunchScreen.storyboard;
			sourceTree = "<group>";
		};
/* End PBXVariantGroup section */

/* Begin XCBuildConfiguration section */
		A490E48723FE831D002F9568 /* Debug */ = {
			isa = XCBuildConfiguration;
			buildSettings = {
				ALWAYS_SEARCH_USER_PATHS = NO;
				CLANG_ANALYZER_NONNULL = YES;
				CLANG_ANALYZER_NUMBER_OBJECT_CONVERSION = YES_AGGRESSIVE;
				CLANG_CXX_LANGUAGE_STANDARD = "gnu++14";
				CLANG_CXX_LIBRARY = "libc++";
				CLANG_ENABLE_MODULES = YES;
				CLANG_ENABLE_OBJC_ARC = YES;
				CLANG_ENABLE_OBJC_WEAK = YES;
				CLANG_WARN_BLOCK_CAPTURE_AUTORELEASING = YES;
				CLANG_WARN_BOOL_CONVERSION = YES;
				CLANG_WARN_COMMA = YES;
				CLANG_WARN_CONSTANT_CONVERSION = YES;
				CLANG_WARN_DEPRECATED_OBJC_IMPLEMENTATIONS = YES;
				CLANG_WARN_DIRECT_OBJC_ISA_USAGE = YES_ERROR;
				CLANG_WARN_DOCUMENTATION_COMMENTS = YES;
				CLANG_WARN_EMPTY_BODY = YES;
				CLANG_WARN_ENUM_CONVERSION = YES;
				CLANG_WARN_INFINITE_RECURSION = YES;
				CLANG_WARN_INT_CONVERSION = YES;
				CLANG_WARN_NON_LITERAL_NULL_CONVERSION = YES;
				CLANG_WARN_OBJC_IMPLICIT_RETAIN_SELF = YES;
				CLANG_WARN_OBJC_LITERAL_CONVERSION = YES;
				CLANG_WARN_OBJC_ROOT_CLASS = YES_ERROR;
				CLANG_WARN_RANGE_LOOP_ANALYSIS = YES;
				CLANG_WARN_STRICT_PROTOTYPES = YES;
				CLANG_WARN_SUSPICIOUS_MOVE = YES;
				CLANG_WARN_UNGUARDED_AVAILABILITY = YES_AGGRESSIVE;
				CLANG_WARN_UNREACHABLE_CODE = YES;
				CLANG_WARN__DUPLICATE_METHOD_MATCH = YES;
				COPY_PHASE_STRIP = NO;
				DEBUG_INFORMATION_FORMAT = dwarf;
				ENABLE_STRICT_OBJC_MSGSEND = YES;
				ENABLE_TESTABILITY = YES;
				GCC_C_LANGUAGE_STANDARD = gnu11;
				GCC_DYNAMIC_NO_PIC = NO;
				GCC_NO_COMMON_BLOCKS = YES;
				GCC_OPTIMIZATION_LEVEL = 0;
				GCC_PREPROCESSOR_DEFINITIONS = (
					"DEBUG=1",
					"$(inherited)",
				);
				GCC_WARN_64_TO_32_BIT_CONVERSION = YES;
				GCC_WARN_ABOUT_RETURN_TYPE = YES_ERROR;
				GCC_WARN_UNDECLARED_SELECTOR = YES;
				GCC_WARN_UNINITIALIZED_AUTOS = YES_AGGRESSIVE;
				GCC_WARN_UNUSED_FUNCTION = YES;
				GCC_WARN_UNUSED_VARIABLE = YES;
				IPHONEOS_DEPLOYMENT_TARGET = 13.2;
				MTL_ENABLE_DEBUG_INFO = INCLUDE_SOURCE;
				MTL_FAST_MATH = YES;
				ONLY_ACTIVE_ARCH = YES;
				SDKROOT = iphoneos;
				SWIFT_ACTIVE_COMPILATION_CONDITIONS = DEBUG;
				SWIFT_OPTIMIZATION_LEVEL = "-Onone";
			};
			name = Debug;
		};
		A490E48823FE831D002F9568 /* Release */ = {
			isa = XCBuildConfiguration;
			buildSettings = {
				ALWAYS_SEARCH_USER_PATHS = NO;
				CLANG_ANALYZER_NONNULL = YES;
				CLANG_ANALYZER_NUMBER_OBJECT_CONVERSION = YES_AGGRESSIVE;
				CLANG_CXX_LANGUAGE_STANDARD = "gnu++14";
				CLANG_CXX_LIBRARY = "libc++";
				CLANG_ENABLE_MODULES = YES;
				CLANG_ENABLE_OBJC_ARC = YES;
				CLANG_ENABLE_OBJC_WEAK = YES;
				CLANG_WARN_BLOCK_CAPTURE_AUTORELEASING = YES;
				CLANG_WARN_BOOL_CONVERSION = YES;
				CLANG_WARN_COMMA = YES;
				CLANG_WARN_CONSTANT_CONVERSION = YES;
				CLANG_WARN_DEPRECATED_OBJC_IMPLEMENTATIONS = YES;
				CLANG_WARN_DIRECT_OBJC_ISA_USAGE = YES_ERROR;
				CLANG_WARN_DOCUMENTATION_COMMENTS = YES;
				CLANG_WARN_EMPTY_BODY = YES;
				CLANG_WARN_ENUM_CONVERSION = YES;
				CLANG_WARN_INFINITE_RECURSION = YES;
				CLANG_WARN_INT_CONVERSION = YES;
				CLANG_WARN_NON_LITERAL_NULL_CONVERSION = YES;
				CLANG_WARN_OBJC_IMPLICIT_RETAIN_SELF = YES;
				CLANG_WARN_OBJC_LITERAL_CONVERSION = YES;
				CLANG_WARN_OBJC_ROOT_CLASS = YES_ERROR;
				CLANG_WARN_RANGE_LOOP_ANALYSIS = YES;
				CLANG_WARN_STRICT_PROTOTYPES = YES;
				CLANG_WARN_SUSPICIOUS_MOVE = YES;
				CLANG_WARN_UNGUARDED_AVAILABILITY = YES_AGGRESSIVE;
				CLANG_WARN_UNREACHABLE_CODE = YES;
				CLANG_WARN__DUPLICATE_METHOD_MATCH = YES;
				COPY_PHASE_STRIP = NO;
				DEBUG_INFORMATION_FORMAT = "dwarf-with-dsym";
				ENABLE_NS_ASSERTIONS = NO;
				ENABLE_STRICT_OBJC_MSGSEND = YES;
				GCC_C_LANGUAGE_STANDARD = gnu11;
				GCC_NO_COMMON_BLOCKS = YES;
				GCC_WARN_64_TO_32_BIT_CONVERSION = YES;
				GCC_WARN_ABOUT_RETURN_TYPE = YES_ERROR;
				GCC_WARN_UNDECLARED_SELECTOR = YES;
				GCC_WARN_UNINITIALIZED_AUTOS = YES_AGGRESSIVE;
				GCC_WARN_UNUSED_FUNCTION = YES;
				GCC_WARN_UNUSED_VARIABLE = YES;
				IPHONEOS_DEPLOYMENT_TARGET = 13.2;
				MTL_ENABLE_DEBUG_INFO = NO;
				MTL_FAST_MATH = YES;
				SDKROOT = iphoneos;
				SWIFT_COMPILATION_MODE = wholemodule;
				SWIFT_OPTIMIZATION_LEVEL = "-O";
				VALIDATE_PRODUCT = YES;
			};
			name = Release;
		};
		A490E48A23FE831D002F9568 /* Debug */ = {
			isa = XCBuildConfiguration;
			buildSettings = {
				ASSETCATALOG_COMPILER_APPICON_NAME = AppIcon;
				CODE_SIGN_STYLE = Automatic;
				INFOPLIST_FILE = PartsProject/Info.plist;
				LD_RUNPATH_SEARCH_PATHS = (
					"$(inherited)",
					"@executable_path/Frameworks",
				);
				PRODUCT_BUNDLE_IDENTIFIER = com.yutaudemy.PartsProject;
				PRODUCT_NAME = "$(TARGET_NAME)";
				SWIFT_VERSION = 5.0;
				TARGETED_DEVICE_FAMILY = "1,2";
			};
			name = Debug;
		};
		A490E48B23FE831D002F9568 /* Release */ = {
			isa = XCBuildConfiguration;
			buildSettings = {
				ASSETCATALOG_COMPILER_APPICON_NAME = AppIcon;
				CODE_SIGN_STYLE = Automatic;
				INFOPLIST_FILE = PartsProject/Info.plist;
				LD_RUNPATH_SEARCH_PATHS = (
					"$(inherited)",
					"@executable_path/Frameworks",
				);
				PRODUCT_BUNDLE_IDENTIFIER = com.yutaudemy.PartsProject;
				PRODUCT_NAME = "$(TARGET_NAME)";
				SWIFT_VERSION = 5.0;
				TARGETED_DEVICE_FAMILY = "1,2";
			};
			name = Release;
		};
/* End XCBuildConfiguration section */

/* Begin XCConfigurationList section */
		A490E47023FE8312002F9568 /* Build configuration list for PBXProject "PartsProject" */ = {
			isa = XCConfigurationList;
			buildConfigurations = (
				A490E48723FE831D002F9568 /* Debug */,
				A490E48823FE831D002F9568 /* Release */,
			);
			defaultConfigurationIsVisible = 0;
			defaultConfigurationName = Release;
		};
		A490E48923FE831D002F9568 /* Build configuration list for PBXNativeTarget "PartsProject" */ = {
			isa = XCConfigurationList;
			buildConfigurations = (
				A490E48A23FE831D002F9568 /* Debug */,
				A490E48B23FE831D002F9568 /* Release */,
			);
			defaultConfigurationIsVisible = 0;
			defaultConfigurationName = Release;
		};
/* End XCConfigurationList section */
	};
	rootObject = A490E46D23FE8312002F9568 /* Project object */;
}
